
Microsoft Visual Studio Solution File, Format Version 12.00
# Visual Studio Version 16
VisualStudioVersion = 16.0.31605.320
MinimumVisualStudioVersion = 10.0.40219.1
Project("{9A19103F-16F7-4668-BE54-9A1E7A4F7556}") = "Calculator", "PremiumCalculator.UI\Calculator.csproj", "{0F991C90-882A-4CEB-9946-DBAA1B9110F4}"
	ProjectSection(ProjectDependencies) = postProject
		{0BFB9408-99FD-4B71-BE0A-8BFC1B5494E6} = {0BFB9408-99FD-4B71-BE0A-8BFC1B5494E6}
	EndProjectSection
EndProject
Project("{2150E333-8FDC-42A3-9474-1A3956D46DE8}") = "API", "API", "{B8B07CD6-484C-4AE9-B7BF-5ED8A4C2BF7B}"
EndProject
Project("{2150E333-8FDC-42A3-9474-1A3956D46DE8}") = "UI", "UI", "{77B79B42-5A3C-4BA8-9E05-A18AE98675EA}"
EndProject
Project("{2150E333-8FDC-42A3-9474-1A3956D46DE8}") = "01 - Outer", "01 - Outer", "{71A9F17D-4F9D-42C4-835B-ED8D14B5FA60}"
EndProject
Project("{2150E333-8FDC-42A3-9474-1A3956D46DE8}") = "02 - Application", "02 - Application", "{2D212CE4-C182-4B6B-B41D-6F461F8D016F}"
EndProject
Project("{9A19103F-16F7-4668-BE54-9A1E7A4F7556}") = "Application", "PremiumCalculator.API\Application\Application.csproj", "{5E0B8FC6-818D-422F-AAF4-E04D9D7CED57}"
EndProject
Project("{2150E333-8FDC-42A3-9474-1A3956D46DE8}") = "03 - Repository", "03 - Repository", "{5DF40FF5-CF75-4F5A-92BA-EDBBD556C6BB}"
EndProject
Project("{9A19103F-16F7-4668-BE54-9A1E7A4F7556}") = "Repository", "PremiumCalculator.API\Persistence\Repository.csproj", "{C961E6D2-7B85-4435-8146-133F29D0FAD6}"
EndProject
Project("{2150E333-8FDC-42A3-9474-1A3956D46DE8}") = "04 - Domain", "04 - Domain", "{88C6D9DD-0BF7-4DFF-94EE-34EA42B8A4EF}"
EndProject
Project("{9A19103F-16F7-4668-BE54-9A1E7A4F7556}") = "Domain", "PremiumCalculator.API\Domain\Domain.csproj", "{D72A40C9-5C69-4E90-865B-90A7CA75D04F}"
EndProject
Project("{9A19103F-16F7-4668-BE54-9A1E7A4F7556}") = "WebAPI", "PremiumCalculator.API\WebAPI\WebAPI.csproj", "{0BFB9408-99FD-4B71-BE0A-8BFC1B5494E6}"
EndProject
Project("{FAE04EC0-301F-11D3-BF4B-00C04F79EFBC}") = "Calculator.Tests", "PremiumCalculator.UI.Tests\Calculator.Tests.csproj", "{C650519C-C49E-4004-875D-DFBFE435CC80}"
EndProject
Global
	GlobalSection(SolutionConfigurationPlatforms) = preSolution
		Debug|Any CPU = Debug|Any CPU
		Release|Any CPU = Release|Any CPU
	EndGlobalSection
	GlobalSection(ProjectConfigurationPlatforms) = postSolution
		{0F991C90-882A-4CEB-9946-DBAA1B9110F4}.Debug|Any CPU.ActiveCfg = Debug|Any CPU
		{0F991C90-882A-4CEB-9946-DBAA1B9110F4}.Debug|Any CPU.Build.0 = Debug|Any CPU
		{0F991C90-882A-4CEB-9946-DBAA1B9110F4}.Release|Any CPU.ActiveCfg = Release|Any CPU
		{0F991C90-882A-4CEB-9946-DBAA1B9110F4}.Release|Any CPU.Build.0 = Release|Any CPU
		{5E0B8FC6-818D-422F-AAF4-E04D9D7CED57}.Debug|Any CPU.ActiveCfg = Debug|Any CPU
		{5E0B8FC6-818D-422F-AAF4-E04D9D7CED57}.Debug|Any CPU.Build.0 = Debug|Any CPU
		{5E0B8FC6-818D-422F-AAF4-E04D9D7CED57}.Release|Any CPU.ActiveCfg = Release|Any CPU
		{5E0B8FC6-818D-422F-AAF4-E04D9D7CED57}.Release|Any CPU.Build.0 = Release|Any CPU
		{C961E6D2-7B85-4435-8146-133F29D0FAD6}.Debug|Any CPU.ActiveCfg = Debug|Any CPU
		{C961E6D2-7B85-4435-8146-133F29D0FAD6}.Debug|Any CPU.Build.0 = Debug|Any CPU
		{C961E6D2-7B85-4435-8146-133F29D0FAD6}.Release|Any CPU.ActiveCfg = Release|Any CPU
		{C961E6D2-7B85-4435-8146-133F29D0FAD6}.Release|Any CPU.Build.0 = Release|Any CPU
		{D72A40C9-5C69-4E90-865B-90A7CA75D04F}.Debug|Any CPU.ActiveCfg = Debug|Any CPU
		{D72A40C9-5C69-4E90-865B-90A7CA75D04F}.Debug|Any CPU.Build.0 = Debug|Any CPU
		{D72A40C9-5C69-4E90-865B-90A7CA75D04F}.Release|Any CPU.ActiveCfg = Release|Any CPU
		{D72A40C9-5C69-4E90-865B-90A7CA75D04F}.Release|Any CPU.Build.0 = Release|Any CPU
		{0BFB9408-99FD-4B71-BE0A-8BFC1B5494E6}.Debug|Any CPU.ActiveCfg = Debug|Any CPU
		{0BFB9408-99FD-4B71-BE0A-8BFC1B5494E6}.Debug|Any CPU.Build.0 = Debug|Any CPU
		{0BFB9408-99FD-4B71-BE0A-8BFC1B5494E6}.Release|Any CPU.ActiveCfg = Release|Any CPU
		{0BFB9408-99FD-4B71-BE0A-8BFC1B5494E6}.Release|Any CPU.Build.0 = Release|Any CPU
		{C650519C-C49E-4004-875D-DFBFE435CC80}.Debug|Any CPU.ActiveCfg = Debug|Any CPU
		{C650519C-C49E-4004-875D-DFBFE435CC80}.Debug|Any CPU.Build.0 = Debug|Any CPU
		{C650519C-C49E-4004-875D-DFBFE435CC80}.Release|Any CPU.ActiveCfg = Release|Any CPU
		{C650519C-C49E-4004-875D-DFBFE435CC80}.Release|Any CPU.Build.0 = Release|Any CPU
	EndGlobalSection
	GlobalSection(SolutionProperties) = preSolution
		HideSolutionNode = FALSE
	EndGlobalSection
	GlobalSection(NestedProjects) = preSolution
		{0F991C90-882A-4CEB-9946-DBAA1B9110F4} = {77B79B42-5A3C-4BA8-9E05-A18AE98675EA}
		{71A9F17D-4F9D-42C4-835B-ED8D14B5FA60} = {B8B07CD6-484C-4AE9-B7BF-5ED8A4C2BF7B}
		{2D212CE4-C182-4B6B-B41D-6F461F8D016F} = {B8B07CD6-484C-4AE9-B7BF-5ED8A4C2BF7B}
		{5E0B8FC6-818D-422F-AAF4-E04D9D7CED57} = {2D212CE4-C182-4B6B-B41D-6F461F8D016F}
		{5DF40FF5-CF75-4F5A-92BA-EDBBD556C6BB} = {B8B07CD6-484C-4AE9-B7BF-5ED8A4C2BF7B}
		{C961E6D2-7B85-4435-8146-133F29D0FAD6} = {5DF40FF5-CF75-4F5A-92BA-EDBBD556C6BB}
		{88C6D9DD-0BF7-4DFF-94EE-34EA42B8A4EF} = {B8B07CD6-484C-4AE9-B7BF-5ED8A4C2BF7B}
		{D72A40C9-5C69-4E90-865B-90A7CA75D04F} = {88C6D9DD-0BF7-4DFF-94EE-34EA42B8A4EF}
		{0BFB9408-99FD-4B71-BE0A-8BFC1B5494E6} = {71A9F17D-4F9D-42C4-835B-ED8D14B5FA60}
		{C650519C-C49E-4004-875D-DFBFE435CC80} = {77B79B42-5A3C-4BA8-9E05-A18AE98675EA}
	EndGlobalSection
	GlobalSection(ExtensibilityGlobals) = postSolution
		SolutionGuid = {3E1BCA69-E3FD-45D5-ACA3-580BDF0A6E86}
	EndGlobalSection
EndGlobal
